
Microsoft Visual Studio Solution File, Format Version 12.00
# Visual Studio Version 17
VisualStudioVersion = 17.8.34316.72
MinimumVisualStudioVersion = 10.0.40219.1
Project("{FAE04EC0-301F-11D3-BF4B-00C04F79EFBC}") = "13.TheReturnKeyword", "13.TheReturnKeyword.csproj", "{916D0724-2E39-4A6E-A427-7E87E9837E28}"
EndProject
Global
	GlobalSection(SolutionConfigurationPlatforms) = preSolution
		Debug|Any CPU = Debug|Any CPU
		Release|Any CPU = Release|Any CPU
	EndGlobalSection
	GlobalSection(ProjectConfigurationPlatforms) = postSolution
		{916D0724-2E39-4A6E-A427-7E87E9837E28}.Debug|Any CPU.ActiveCfg = Debug|Any CPU
		{916D0724-2E39-4A6E-A427-7E87E9837E28}.Debug|Any CPU.Build.0 = Debug|Any CPU
		{916D0724-2E39-4A6E-A427-7E87E9837E28}.Release|Any CPU.ActiveCfg = Release|Any CPU
		{916D0724-2E39-4A6E-A427-7E87E9837E28}.Release|Any CPU.Build.0 = Release|Any CPU
	EndGlobalSection
	GlobalSection(SolutionProperties) = preSolution
		HideSolutionNode = FALSE
	EndGlobalSection
	GlobalSection(ExtensibilityGlobals) = postSolution
		SolutionGuid = {42425E76-3854-4319-8328-B4AC0148DD04}
	EndGlobalSection
EndGlobal
